// !$*UTF8*$!
{
	archiveVersion = 1;
	classes = {
	};
	objectVersion = 55;
	objects = {

/* Begin PBXBuildFile section */
		11D418C027343C15000148D2 /* AppDelegate.swift in Sources */ = {isa = PBXBuildFile; fileRef = 11D418BF27343C15000148D2 /* AppDelegate.swift */; };
		11D418C227343C15000148D2 /* SceneDelegate.swift in Sources */ = {isa = PBXBuildFile; fileRef = 11D418C127343C15000148D2 /* SceneDelegate.swift */; };
		11D418C427343C15000148D2 /* ViewController.swift in Sources */ = {isa = PBXBuildFile; fileRef = 11D418C327343C15000148D2 /* ViewController.swift */; };
		11D418C727343C15000148D2 /* Main.storyboard in Resources */ = {isa = PBXBuildFile; fileRef = 11D418C527343C15000148D2 /* Main.storyboard */; };
		11D418C927343C1B000148D2 /* Assets.xcassets in Resources */ = {isa = PBXBuildFile; fileRef = 11D418C827343C1B000148D2 /* Assets.xcassets */; };
		11D418CC27343C1B000148D2 /* LaunchScreen.storyboard in Resources */ = {isa = PBXBuildFile; fileRef = 11D418CA27343C1B000148D2 /* LaunchScreen.storyboard */; };
		11D418D427343C58000148D2 /* DetailViewController.swift in Sources */ = {isa = PBXBuildFile; fileRef = 11D418D327343C58000148D2 /* DetailViewController.swift */; };
		11D418E2273441BE000148D2 /* nssl0049.jpg in Resources */ = {isa = PBXBuildFile; fileRef = 11D418D8273441BE000148D2 /* nssl0049.jpg */; };
		11D418E3273441BE000148D2 /* nssl0046.jpg in Resources */ = {isa = PBXBuildFile; fileRef = 11D418D9273441BE000148D2 /* nssl0046.jpg */; };
		11D418E4273441BE000148D2 /* nssl0091.jpg in Resources */ = {isa = PBXBuildFile; fileRef = 11D418DA273441BE000148D2 /* nssl0091.jpg */; };
		11D418E5273441BE000148D2 /* nssl0045.jpg in Resources */ = {isa = PBXBuildFile; fileRef = 11D418DB273441BE000148D2 /* nssl0045.jpg */; };
		11D418E6273441BE000148D2 /* nssl0051.jpg in Resources */ = {isa = PBXBuildFile; fileRef = 11D418DC273441BE000148D2 /* nssl0051.jpg */; };
		11D418E7273441BE000148D2 /* nssl0041.jpg in Resources */ = {isa = PBXBuildFile; fileRef = 11D418DD273441BE000148D2 /* nssl0041.jpg */; };
		11D418E8273441BE000148D2 /* nssl0042.jpg in Resources */ = {isa = PBXBuildFile; fileRef = 11D418DE273441BE000148D2 /* nssl0042.jpg */; };
		11D418E9273441BE000148D2 /* nssl0043.jpg in Resources */ = {isa = PBXBuildFile; fileRef = 11D418DF273441BE000148D2 /* nssl0043.jpg */; };
		11D418EA273441BE000148D2 /* nssl0033.jpg in Resources */ = {isa = PBXBuildFile; fileRef = 11D418E0273441BE000148D2 /* nssl0033.jpg */; };
		11D418EB273441BE000148D2 /* nssl0034.jpg in Resources */ = {isa = PBXBuildFile; fileRef = 11D418E1273441BE000148D2 /* nssl0034.jpg */; };
		11D418ED27344ABE000148D2 /* Image.swift in Sources */ = {isa = PBXBuildFile; fileRef = 11D418EC27344ABE000148D2 /* Image.swift */; };
		11D418EF27344B48000148D2 /* ImageViewCell.swift in Sources */ = {isa = PBXBuildFile; fileRef = 11D418EE27344B48000148D2 /* ImageViewCell.swift */; };
/* End PBXBuildFile section */

/* Begin PBXFileReference section */
		11D418BC27343C15000148D2 /* Day50-Challenge.app */ = {isa = PBXFileReference; explicitFileType = wrapper.application; includeInIndex = 0; path = "Day50-Challenge.app"; sourceTree = BUILT_PRODUCTS_DIR; };
		11D418BF27343C15000148D2 /* AppDelegate.swift */ = {isa = PBXFileReference; lastKnownFileType = sourcecode.swift; path = AppDelegate.swift; sourceTree = "<group>"; };
		11D418C127343C15000148D2 /* SceneDelegate.swift */ = {isa = PBXFileReference; lastKnownFileType = sourcecode.swift; path = SceneDelegate.swift; sourceTree = "<group>"; };
		11D418C327343C15000148D2 /* ViewController.swift */ = {isa = PBXFileReference; lastKnownFileType = sourcecode.swift; path = ViewController.swift; sourceTree = "<group>"; };
		11D418C627343C15000148D2 /* Base */ = {isa = PBXFileReference; lastKnownFileType = file.storyboard; name = Base; path = Base.lproj/Main.storyboard; sourceTree = "<group>"; };
		11D418C827343C1B000148D2 /* Assets.xcassets */ = {isa = PBXFileReference; lastKnownFileType = folder.assetcatalog; path = Assets.xcassets; sourceTree = "<group>"; };
		11D418CB27343C1B000148D2 /* Base */ = {isa = PBXFileReference; lastKnownFileType = file.storyboard; name = Base; path = Base.lproj/LaunchScreen.storyboard; sourceTree = "<group>"; };
		11D418CD27343C1B000148D2 /* Info.plist */ = {isa = PBXFileReference; lastKnownFileType = text.plist.xml; path = Info.plist; sourceTree = "<group>"; };
		11D418D327343C58000148D2 /* DetailViewController.swift */ = {isa = PBXFileReference; lastKnownFileType = sourcecode.swift; path = DetailViewController.swift; sourceTree = "<group>"; };
		11D418D8273441BE000148D2 /* nssl0049.jpg */ = {isa = PBXFileReference; lastKnownFileType = image.jpeg; path = nssl0049.jpg; sourceTree = "<group>"; };
		11D418D9273441BE000148D2 /* nssl0046.jpg */ = {isa = PBXFileReference; lastKnownFileType = image.jpeg; path = nssl0046.jpg; sourceTree = "<group>"; };
		11D418DA273441BE000148D2 /* nssl0091.jpg */ = {isa = PBXFileReference; lastKnownFileType = image.jpeg; path = nssl0091.jpg; sourceTree = "<group>"; };
		11D418DB273441BE000148D2 /* nssl0045.jpg */ = {isa = PBXFileReference; lastKnownFileType = image.jpeg; path = nssl0045.jpg; sourceTree = "<group>"; };
		11D418DC273441BE000148D2 /* nssl0051.jpg */ = {isa = PBXFileReference; lastKnownFileType = image.jpeg; path = nssl0051.jpg; sourceTree = "<group>"; };
		11D418DD273441BE000148D2 /* nssl0041.jpg */ = {isa = PBXFileReference; lastKnownFileType = image.jpeg; path = nssl0041.jpg; sourceTree = "<group>"; };
		11D418DE273441BE000148D2 /* nssl0042.jpg */ = {isa = PBXFileReference; lastKnownFileType = image.jpeg; path = nssl0042.jpg; sourceTree = "<group>"; };
		11D418DF273441BE000148D2 /* nssl0043.jpg */ = {isa = PBXFileReference; lastKnownFileType = image.jpeg; path = nssl0043.jpg; sourceTree = "<group>"; };
		11D418E0273441BE000148D2 /* nssl0033.jpg */ = {isa = PBXFileReference; lastKnownFileType = image.jpeg; path = nssl0033.jpg; sourceTree = "<group>"; };
		11D418E1273441BE000148D2 /* nssl0034.jpg */ = {isa = PBXFileReference; lastKnownFileType = image.jpeg; path = nssl0034.jpg; sourceTree = "<group>"; };
		11D418EC27344ABE000148D2 /* Image.swift */ = {isa = PBXFileReference; lastKnownFileType = sourcecode.swift; path = Image.swift; sourceTree = "<group>"; };
		11D418EE27344B48000148D2 /* ImageViewCell.swift */ = {isa = PBXFileReference; lastKnownFileType = sourcecode.swift; path = ImageViewCell.swift; sourceTree = "<group>"; };
/* End PBXFileReference section */

/* Begin PBXFrameworksBuildPhase section */
		11D418B927343C14000148D2 /* Frameworks */ = {
			isa = PBXFrameworksBuildPhase;
			buildActionMask = 2147483647;
			files = (
			);
			runOnlyForDeploymentPostprocessing = 0;
		};
/* End PBXFrameworksBuildPhase section */

/* Begin PBXGroup section */
		11D418B327343C14000148D2 = {
			isa = PBXGroup;
			children = (
				11D418BE27343C15000148D2 /* Day50-Challenge */,
				11D418BD27343C15000148D2 /* Products */,
			);
			sourceTree = "<group>";
		};
		11D418BD27343C15000148D2 /* Products */ = {
			isa = PBXGroup;
			children = (
				11D418BC27343C15000148D2 /* Day50-Challenge.app */,
			);
			name = Products;
			sourceTree = "<group>";
		};
		11D418BE27343C15000148D2 /* Day50-Challenge */ = {
			isa = PBXGroup;
			children = (
				11D418BF27343C15000148D2 /* AppDelegate.swift */,
				11D418C127343C15000148D2 /* SceneDelegate.swift */,
				11D418C327343C15000148D2 /* ViewController.swift */,
				11D418D327343C58000148D2 /* DetailViewController.swift */,
				11D418C527343C15000148D2 /* Main.storyboard */,
				11D418C827343C1B000148D2 /* Assets.xcassets */,
				11D418CA27343C1B000148D2 /* LaunchScreen.storyboard */,
				11D418CD27343C1B000148D2 /* Info.plist */,
				11D418D7273441BE000148D2 /* Content */,
				11D418EC27344ABE000148D2 /* Image.swift */,
				11D418EE27344B48000148D2 /* ImageViewCell.swift */,
			);
			path = "Day50-Challenge";
			sourceTree = "<group>";
		};
		11D418D7273441BE000148D2 /* Content */ = {
			isa = PBXGroup;
			children = (
				11D418D8273441BE000148D2 /* nssl0049.jpg */,
				11D418D9273441BE000148D2 /* nssl0046.jpg */,
				11D418DA273441BE000148D2 /* nssl0091.jpg */,
				11D418DB273441BE000148D2 /* nssl0045.jpg */,
				11D418DC273441BE000148D2 /* nssl0051.jpg */,
				11D418DD273441BE000148D2 /* nssl0041.jpg */,
				11D418DE273441BE000148D2 /* nssl0042.jpg */,
				11D418DF273441BE000148D2 /* nssl0043.jpg */,
				11D418E0273441BE000148D2 /* nssl0033.jpg */,
				11D418E1273441BE000148D2 /* nssl0034.jpg */,
			);
			name = Content;
			path = "../../Project1-StormViewer/Project1-Storm Viewer/Content";
			sourceTree = "<group>";
		};
/* End PBXGroup section */

/* Begin PBXNativeTarget section */
		11D418BB27343C14000148D2 /* Day50-Challenge */ = {
			isa = PBXNativeTarget;
			buildConfigurationList = 11D418D027343C1B000148D2 /* Build configuration list for PBXNativeTarget "Day50-Challenge" */;
			buildPhases = (
				11D418B827343C14000148D2 /* Sources */,
				11D418B927343C14000148D2 /* Frameworks */,
				11D418BA27343C14000148D2 /* Resources */,
			);
			buildRules = (
			);
			dependencies = (
			);
			name = "Day50-Challenge";
			productName = "Day50-Challenge";
			productReference = 11D418BC27343C15000148D2 /* Day50-Challenge.app */;
			productType = "com.apple.product-type.application";
		};
/* End PBXNativeTarget section */

/* Begin PBXProject section */
		11D418B427343C14000148D2 /* Project object */ = {
			isa = PBXProject;
			attributes = {
				BuildIndependentTargetsInParallel = 1;
				LastSwiftUpdateCheck = 1300;
				LastUpgradeCheck = 1300;
				TargetAttributes = {
					11D418BB27343C14000148D2 = {
						CreatedOnToolsVersion = 13.0;
					};
				};
			};
			buildConfigurationList = 11D418B727343C14000148D2 /* Build configuration list for PBXProject "Day50-Challenge" */;
			compatibilityVersion = "Xcode 13.0";
			developmentRegion = en;
			hasScannedForEncodings = 0;
			knownRegions = (
				en,
				Base,
			);
			mainGroup = 11D418B327343C14000148D2;
			productRefGroup = 11D418BD27343C15000148D2 /* Products */;
			projectDirPath = "";
			projectRoot = "";
			targets = (
				11D418BB27343C14000148D2 /* Day50-Challenge */,
			);
		};
/* End PBXProject section */

/* Begin PBXResourcesBuildPhase section */
		11D418BA27343C14000148D2 /* Resources */ = {
			isa = PBXResourcesBuildPhase;
			buildActionMask = 2147483647;
			files = (
				11D418E3273441BE000148D2 /* nssl0046.jpg in Resources */,
				11D418EA273441BE000148D2 /* nssl0033.jpg in Resources */,
				11D418E6273441BE000148D2 /* nssl0051.jpg in Resources */,
				11D418E4273441BE000148D2 /* nssl0091.jpg in Resources */,
				11D418E9273441BE000148D2 /* nssl0043.jpg in Resources */,
				11D418EB273441BE000148D2 /* nssl0034.jpg in Resources */,
				11D418E2273441BE000148D2 /* nssl0049.jpg in Resources */,
				11D418E7273441BE000148D2 /* nssl0041.jpg in Resources */,
				11D418E8273441BE000148D2 /* nssl0042.jpg in Resources */,
				11D418CC27343C1B000148D2 /* LaunchScreen.storyboard in Resources */,
				11D418C927343C1B000148D2 /* Assets.xcassets in Resources */,
				11D418E5273441BE000148D2 /* nssl0045.jpg in Resources */,
				11D418C727343C15000148D2 /* Main.storyboard in Resources */,
			);
			runOnlyForDeploymentPostprocessing = 0;
		};
/* End PBXResourcesBuildPhase section */

/* Begin PBXSourcesBuildPhase section */
		11D418B827343C14000148D2 /* Sources */ = {
			isa = PBXSourcesBuildPhase;
			buildActionMask = 2147483647;
			files = (
				11D418C427343C15000148D2 /* ViewController.swift in Sources */,
				11D418C027343C15000148D2 /* AppDelegate.swift in Sources */,
				11D418C227343C15000148D2 /* SceneDelegate.swift in Sources */,
				11D418D427343C58000148D2 /* DetailViewController.swift in Sources */,
				11D418EF27344B48000148D2 /* ImageViewCell.swift in Sources */,
				11D418ED27344ABE000148D2 /* Image.swift in Sources */,
			);
			runOnlyForDeploymentPostprocessing = 0;
		};
/* End PBXSourcesBuildPhase section */

/* Begin PBXVariantGroup section */
		11D418C527343C15000148D2 /* Main.storyboard */ = {
			isa = PBXVariantGroup;
			children = (
				11D418C627343C15000148D2 /* Base */,
			);
			name = Main.storyboard;
			sourceTree = "<group>";
		};
		11D418CA27343C1B000148D2 /* LaunchScreen.storyboard */ = {
			isa = PBXVariantGroup;
			children = (
				11D418CB27343C1B000148D2 /* Base */,
			);
			name = LaunchScreen.storyboard;
			sourceTree = "<group>";
		};
/* End PBXVariantGroup section */

/* Begin XCBuildConfiguration section */
		11D418CE27343C1B000148D2 /* Debug */ = {
			isa = XCBuildConfiguration;
			buildSettings = {
				ALWAYS_SEARCH_USER_PATHS = NO;
				CLANG_ANALYZER_NONNULL = YES;
				CLANG_ANALYZER_NUMBER_OBJECT_CONVERSION = YES_AGGRESSIVE;
				CLANG_CXX_LANGUAGE_STANDARD = "gnu++17";
				CLANG_CXX_LIBRARY = "libc++";
				CLANG_ENABLE_MODULES = YES;
				CLANG_ENABLE_OBJC_ARC = YES;
				CLANG_ENABLE_OBJC_WEAK = YES;
				CLANG_WARN_BLOCK_CAPTURE_AUTORELEASING = YES;
				CLANG_WARN_BOOL_CONVERSION = YES;
				CLANG_WARN_COMMA = YES;
				CLANG_WARN_CONSTANT_CONVERSION = YES;
				CLANG_WARN_DEPRECATED_OBJC_IMPLEMENTATIONS = YES;
				CLANG_WARN_DIRECT_OBJC_ISA_USAGE = YES_ERROR;
				CLANG_WARN_DOCUMENTATION_COMMENTS = YES;
				CLANG_WARN_EMPTY_BODY = YES;
				CLANG_WARN_ENUM_CONVERSION = YES;
				CLANG_WARN_INFINITE_RECURSION = YES;
				CLANG_WARN_INT_CONVERSION = YES;
				CLANG_WARN_NON_LITERAL_NULL_CONVERSION = YES;
				CLANG_WARN_OBJC_IMPLICIT_RETAIN_SELF = YES;
				CLANG_WARN_OBJC_LITERAL_CONVERSION = YES;
				CLANG_WARN_OBJC_ROOT_CLASS = YES_ERROR;
				CLANG_WARN_QUOTED_INCLUDE_IN_FRAMEWORK_HEADER = YES;
				CLANG_WARN_RANGE_LOOP_ANALYSIS = YES;
				CLANG_WARN_STRICT_PROTOTYPES = YES;
				CLANG_WARN_SUSPICIOUS_MOVE = YES;
				CLANG_WARN_UNGUARDED_AVAILABILITY = YES_AGGRESSIVE;
				CLANG_WARN_UNREACHABLE_CODE = YES;
				CLANG_WARN__DUPLICATE_METHOD_MATCH = YES;
				COPY_PHASE_STRIP = NO;
				DEBUG_INFORMATION_FORMAT = dwarf;
				ENABLE_STRICT_OBJC_MSGSEND = YES;
				ENABLE_TESTABILITY = YES;
				GCC_C_LANGUAGE_STANDARD = gnu11;
				GCC_DYNAMIC_NO_PIC = NO;
				GCC_NO_COMMON_BLOCKS = YES;
				GCC_OPTIMIZATION_LEVEL = 0;
				GCC_PREPROCESSOR_DEFINITIONS = (
					"DEBUG=1",
					"$(inherited)",
				);
				GCC_WARN_64_TO_32_BIT_CONVERSION = YES;
				GCC_WARN_ABOUT_RETURN_TYPE = YES_ERROR;
				GCC_WARN_UNDECLARED_SELECTOR = YES;
				GCC_WARN_UNINITIALIZED_AUTOS = YES_AGGRESSIVE;
				GCC_WARN_UNUSED_FUNCTION = YES;
				GCC_WARN_UNUSED_VARIABLE = YES;
				IPHONEOS_DEPLOYMENT_TARGET = 15.0;
				MTL_ENABLE_DEBUG_INFO = INCLUDE_SOURCE;
				MTL_FAST_MATH = YES;
				ONLY_ACTIVE_ARCH = YES;
				SDKROOT = iphoneos;
				SWIFT_ACTIVE_COMPILATION_CONDITIONS = DEBUG;
				SWIFT_OPTIMIZATION_LEVEL = "-Onone";
			};
			name = Debug;
		};
		11D418CF27343C1B000148D2 /* Release */ = {
			isa = XCBuildConfiguration;
			buildSettings = {
				ALWAYS_SEARCH_USER_PATHS = NO;
				CLANG_ANALYZER_NONNULL = YES;
				CLANG_ANALYZER_NUMBER_OBJECT_CONVERSION = YES_AGGRESSIVE;
				CLANG_CXX_LANGUAGE_STANDARD = "gnu++17";
				CLANG_CXX_LIBRARY = "libc++";
				CLANG_ENABLE_MODULES = YES;
				CLANG_ENABLE_OBJC_ARC = YES;
				CLANG_ENABLE_OBJC_WEAK = YES;
				CLANG_WARN_BLOCK_CAPTURE_AUTORELEASING = YES;
				CLANG_WARN_BOOL_CONVERSION = YES;
				CLANG_WARN_COMMA = YES;
				CLANG_WARN_CONSTANT_CONVERSION = YES;
				CLANG_WARN_DEPRECATED_OBJC_IMPLEMENTATIONS = YES;
				CLANG_WARN_DIRECT_OBJC_ISA_USAGE = YES_ERROR;
				CLANG_WARN_DOCUMENTATION_COMMENTS = YES;
				CLANG_WARN_EMPTY_BODY = YES;
				CLANG_WARN_ENUM_CONVERSION = YES;
				CLANG_WARN_INFINITE_RECURSION = YES;
				CLANG_WARN_INT_CONVERSION = YES;
				CLANG_WARN_NON_LITERAL_NULL_CONVERSION = YES;
				CLANG_WARN_OBJC_IMPLICIT_RETAIN_SELF = YES;
				CLANG_WARN_OBJC_LITERAL_CONVERSION = YES;
				CLANG_WARN_OBJC_ROOT_CLASS = YES_ERROR;
				CLANG_WARN_QUOTED_INCLUDE_IN_FRAMEWORK_HEADER = YES;
				CLANG_WARN_RANGE_LOOP_ANALYSIS = YES;
				CLANG_WARN_STRICT_PROTOTYPES = YES;
				CLANG_WARN_SUSPICIOUS_MOVE = YES;
				CLANG_WARN_UNGUARDED_AVAILABILITY = YES_AGGRESSIVE;
				CLANG_WARN_UNREACHABLE_CODE = YES;
				CLANG_WARN__DUPLICATE_METHOD_MATCH = YES;
				COPY_PHASE_STRIP = NO;
				DEBUG_INFORMATION_FORMAT = "dwarf-with-dsym";
				ENABLE_NS_ASSERTIONS = NO;
				ENABLE_STRICT_OBJC_MSGSEND = YES;
				GCC_C_LANGUAGE_STANDARD = gnu11;
				GCC_NO_COMMON_BLOCKS = YES;
				GCC_WARN_64_TO_32_BIT_CONVERSION = YES;
				GCC_WARN_ABOUT_RETURN_TYPE = YES_ERROR;
				GCC_WARN_UNDECLARED_SELECTOR = YES;
				GCC_WARN_UNINITIALIZED_AUTOS = YES_AGGRESSIVE;
				GCC_WARN_UNUSED_FUNCTION = YES;
				GCC_WARN_UNUSED_VARIABLE = YES;
				IPHONEOS_DEPLOYMENT_TARGET = 15.0;
				MTL_ENABLE_DEBUG_INFO = NO;
				MTL_FAST_MATH = YES;
				SDKROOT = iphoneos;
				SWIFT_COMPILATION_MODE = wholemodule;
				SWIFT_OPTIMIZATION_LEVEL = "-O";
				VALIDATE_PRODUCT = YES;
			};
			name = Release;
		};
		11D418D127343C1B000148D2 /* Debug */ = {
			isa = XCBuildConfiguration;
			buildSettings = {
				ASSETCATALOG_COMPILER_APPICON_NAME = AppIcon;
				ASSETCATALOG_COMPILER_GLOBAL_ACCENT_COLOR_NAME = AccentColor;
				CODE_SIGN_STYLE = Automatic;
				CURRENT_PROJECT_VERSION = 1;
				DEVELOPMENT_TEAM = HB7JCNH58R;
				GENERATE_INFOPLIST_FILE = YES;
				INFOPLIST_FILE = "Day50-Challenge/Info.plist";
				INFOPLIST_KEY_UIApplicationSupportsIndirectInputEvents = YES;
				INFOPLIST_KEY_UILaunchStoryboardName = LaunchScreen;
				INFOPLIST_KEY_UIMainStoryboardFile = Main;
				INFOPLIST_KEY_UISupportedInterfaceOrientations_iPad = "UIInterfaceOrientationPortrait UIInterfaceOrientationPortraitUpsideDown UIInterfaceOrientationLandscapeLeft UIInterfaceOrientationLandscapeRight";
				INFOPLIST_KEY_UISupportedInterfaceOrientations_iPhone = "UIInterfaceOrientationPortrait UIInterfaceOrientationLandscapeLeft UIInterfaceOrientationLandscapeRight";
				LD_RUNPATH_SEARCH_PATHS = (
					"$(inherited)",
					"@executable_path/Frameworks",
				);
				MARKETING_VERSION = 1.0;
				PRODUCT_BUNDLE_IDENTIFIER = "inceogluberkin.Day50-Challenge";
				PRODUCT_NAME = "$(TARGET_NAME)";
				SWIFT_EMIT_LOC_STRINGS = YES;
				SWIFT_VERSION = 5.0;
				TARGETED_DEVICE_FAMILY = 1;
			};
			name = Debug;
		};
		11D418D227343C1B000148D2 /* Release */ = {
			isa = XCBuildConfiguration;
			buildSettings = {
				ASSETCATALOG_COMPILER_APPICON_NAME = AppIcon;
				ASSETCATALOG_COMPILER_GLOBAL_ACCENT_COLOR_NAME = AccentColor;
				CODE_SIGN_STYLE = Automatic;
				CURRENT_PROJECT_VERSION = 1;
				DEVELOPMENT_TEAM = HB7JCNH58R;
				GENERATE_INFOPLIST_FILE = YES;
				INFOPLIST_FILE = "Day50-Challenge/Info.plist";
				INFOPLIST_KEY_UIApplicationSupportsIndirectInputEvents = YES;
				INFOPLIST_KEY_UILaunchStoryboardName = LaunchScreen;
				INFOPLIST_KEY_UIMainStoryboardFile = Main;
				INFOPLIST_KEY_UISupportedInterfaceOrientations_iPad = "UIInterfaceOrientationPortrait UIInterfaceOrientationPortraitUpsideDown UIInterfaceOrientationLandscapeLeft UIInterfaceOrientationLandscapeRight";
				INFOPLIST_KEY_UISupportedInterfaceOrientations_iPhone = "UIInterfaceOrientationPortrait UIInterfaceOrientationLandscapeLeft UIInterfaceOrientationLandscapeRight";
				LD_RUNPATH_SEARCH_PATHS = (
					"$(inherited)",
					"@executable_path/Frameworks",
				);
				MARKETING_VERSION = 1.0;
				PRODUCT_BUNDLE_IDENTIFIER = "inceogluberkin.Day50-Challenge";
				PRODUCT_NAME = "$(TARGET_NAME)";
				SWIFT_EMIT_LOC_STRINGS = YES;
				SWIFT_VERSION = 5.0;
				TARGETED_DEVICE_FAMILY = 1;
			};
			name = Release;
		};
/* End XCBuildConfiguration section */

/* Begin XCConfigurationList section */
		11D418B727343C14000148D2 /* Build configuration list for PBXProject "Day50-Challenge" */ = {
			isa = XCConfigurationList;
			buildConfigurations = (
				11D418CE27343C1B000148D2 /* Debug */,
				11D418CF27343C1B000148D2 /* Release */,
			);
			defaultConfigurationIsVisible = 0;
			defaultConfigurationName = Release;
		};
		11D418D027343C1B000148D2 /* Build configuration list for PBXNativeTarget "Day50-Challenge" */ = {
			isa = XCConfigurationList;
			buildConfigurations = (
				11D418D127343C1B000148D2 /* Debug */,
				11D418D227343C1B000148D2 /* Release */,
			);
			defaultConfigurationIsVisible = 0;
			defaultConfigurationName = Release;
		};
/* End XCConfigurationList section */
	};
	rootObject = 11D418B427343C14000148D2 /* Project object */;
}
