// !$*UTF8*$!
{
	archiveVersion = 1;
	classes = {
	};
	objectVersion = 55;
	objects = {

/* Begin PBXBuildFile section */
		113A7BD5274EC80D00B5FC7B /* AppDelegate.swift in Sources */ = {isa = PBXBuildFile; fileRef = 113A7BD4274EC80D00B5FC7B /* AppDelegate.swift */; };
		113A7BD7274EC80D00B5FC7B /* SceneDelegate.swift in Sources */ = {isa = PBXBuildFile; fileRef = 113A7BD6274EC80D00B5FC7B /* SceneDelegate.swift */; };
		113A7BD9274EC80D00B5FC7B /* ViewController.swift in Sources */ = {isa = PBXBuildFile; fileRef = 113A7BD8274EC80D00B5FC7B /* ViewController.swift */; };
		113A7BDC274EC80D00B5FC7B /* Main.storyboard in Resources */ = {isa = PBXBuildFile; fileRef = 113A7BDA274EC80D00B5FC7B /* Main.storyboard */; };
		113A7BDE274EC81600B5FC7B /* Assets.xcassets in Resources */ = {isa = PBXBuildFile; fileRef = 113A7BDD274EC81600B5FC7B /* Assets.xcassets */; };
		113A7BE1274EC81600B5FC7B /* LaunchScreen.storyboard in Resources */ = {isa = PBXBuildFile; fileRef = 113A7BDF274EC81600B5FC7B /* LaunchScreen.storyboard */; };
		113A7BEF274EC95A00B5FC7B /* UniformTypeIdentifiers.framework in Frameworks */ = {isa = PBXBuildFile; fileRef = 113A7BEE274EC95A00B5FC7B /* UniformTypeIdentifiers.framework */; };
		113A7BF2274EC95A00B5FC7B /* Media.xcassets in Resources */ = {isa = PBXBuildFile; fileRef = 113A7BF1274EC95A00B5FC7B /* Media.xcassets */; };
		113A7BF4274EC95A00B5FC7B /* ActionViewController.swift in Sources */ = {isa = PBXBuildFile; fileRef = 113A7BF3274EC95A00B5FC7B /* ActionViewController.swift */; };
		113A7BF7274EC95A00B5FC7B /* MainInterface.storyboard in Resources */ = {isa = PBXBuildFile; fileRef = 113A7BF5274EC95A00B5FC7B /* MainInterface.storyboard */; };
		113A7BFB274EC95A00B5FC7B /* Extension.appex in Embed App Extensions */ = {isa = PBXBuildFile; fileRef = 113A7BEC274EC95A00B5FC7B /* Extension.appex */; settings = {ATTRIBUTES = (RemoveHeadersOnCopy, ); }; };
		113A7C01274ECC5000B5FC7B /* Action.js in Resources */ = {isa = PBXBuildFile; fileRef = 113A7C00274ECC5000B5FC7B /* Action.js */; };
/* End PBXBuildFile section */

/* Begin PBXContainerItemProxy section */
		113A7BF9274EC95A00B5FC7B /* PBXContainerItemProxy */ = {
			isa = PBXContainerItemProxy;
			containerPortal = 113A7BC9274EC80D00B5FC7B /* Project object */;
			proxyType = 1;
			remoteGlobalIDString = 113A7BEB274EC95A00B5FC7B;
			remoteInfo = Extension;
		};
/* End PBXContainerItemProxy section */

/* Begin PBXCopyFilesBuildPhase section */
		113A7BFF274EC95A00B5FC7B /* Embed App Extensions */ = {
			isa = PBXCopyFilesBuildPhase;
			buildActionMask = 2147483647;
			dstPath = "";
			dstSubfolderSpec = 13;
			files = (
				113A7BFB274EC95A00B5FC7B /* Extension.appex in Embed App Extensions */,
			);
			name = "Embed App Extensions";
			runOnlyForDeploymentPostprocessing = 0;
		};
/* End PBXCopyFilesBuildPhase section */

/* Begin PBXFileReference section */
		113A7BD1274EC80D00B5FC7B /* Project19-JavaScript.app */ = {isa = PBXFileReference; explicitFileType = wrapper.application; includeInIndex = 0; path = "Project19-JavaScript.app"; sourceTree = BUILT_PRODUCTS_DIR; };
		113A7BD4274EC80D00B5FC7B /* AppDelegate.swift */ = {isa = PBXFileReference; lastKnownFileType = sourcecode.swift; path = AppDelegate.swift; sourceTree = "<group>"; };
		113A7BD6274EC80D00B5FC7B /* SceneDelegate.swift */ = {isa = PBXFileReference; lastKnownFileType = sourcecode.swift; path = SceneDelegate.swift; sourceTree = "<group>"; };
		113A7BD8274EC80D00B5FC7B /* ViewController.swift */ = {isa = PBXFileReference; lastKnownFileType = sourcecode.swift; path = ViewController.swift; sourceTree = "<group>"; };
		113A7BDB274EC80D00B5FC7B /* Base */ = {isa = PBXFileReference; lastKnownFileType = file.storyboard; name = Base; path = Base.lproj/Main.storyboard; sourceTree = "<group>"; };
		113A7BDD274EC81600B5FC7B /* Assets.xcassets */ = {isa = PBXFileReference; lastKnownFileType = folder.assetcatalog; path = Assets.xcassets; sourceTree = "<group>"; };
		113A7BE0274EC81600B5FC7B /* Base */ = {isa = PBXFileReference; lastKnownFileType = file.storyboard; name = Base; path = Base.lproj/LaunchScreen.storyboard; sourceTree = "<group>"; };
		113A7BE2274EC81600B5FC7B /* Info.plist */ = {isa = PBXFileReference; lastKnownFileType = text.plist.xml; path = Info.plist; sourceTree = "<group>"; };
		113A7BEC274EC95A00B5FC7B /* Extension.appex */ = {isa = PBXFileReference; explicitFileType = "wrapper.app-extension"; includeInIndex = 0; path = Extension.appex; sourceTree = BUILT_PRODUCTS_DIR; };
		113A7BEE274EC95A00B5FC7B /* UniformTypeIdentifiers.framework */ = {isa = PBXFileReference; lastKnownFileType = wrapper.framework; name = UniformTypeIdentifiers.framework; path = System/Library/Frameworks/UniformTypeIdentifiers.framework; sourceTree = SDKROOT; };
		113A7BF1274EC95A00B5FC7B /* Media.xcassets */ = {isa = PBXFileReference; lastKnownFileType = folder.assetcatalog; path = Media.xcassets; sourceTree = "<group>"; };
		113A7BF3274EC95A00B5FC7B /* ActionViewController.swift */ = {isa = PBXFileReference; lastKnownFileType = sourcecode.swift; path = ActionViewController.swift; sourceTree = "<group>"; };
		113A7BF6274EC95A00B5FC7B /* Base */ = {isa = PBXFileReference; lastKnownFileType = file.storyboard; name = Base; path = Base.lproj/MainInterface.storyboard; sourceTree = "<group>"; };
		113A7BF8274EC95A00B5FC7B /* Info.plist */ = {isa = PBXFileReference; lastKnownFileType = text.plist.xml; path = Info.plist; sourceTree = "<group>"; };
		113A7C00274ECC5000B5FC7B /* Action.js */ = {isa = PBXFileReference; lastKnownFileType = sourcecode.javascript; path = Action.js; sourceTree = "<group>"; };
/* End PBXFileReference section */

/* Begin PBXFrameworksBuildPhase section */
		113A7BCE274EC80D00B5FC7B /* Frameworks */ = {
			isa = PBXFrameworksBuildPhase;
			buildActionMask = 2147483647;
			files = (
			);
			runOnlyForDeploymentPostprocessing = 0;
		};
		113A7BE9274EC95A00B5FC7B /* Frameworks */ = {
			isa = PBXFrameworksBuildPhase;
			buildActionMask = 2147483647;
			files = (
				113A7BEF274EC95A00B5FC7B /* UniformTypeIdentifiers.framework in Frameworks */,
			);
			runOnlyForDeploymentPostprocessing = 0;
		};
/* End PBXFrameworksBuildPhase section */

/* Begin PBXGroup section */
		113A7BC8274EC80D00B5FC7B = {
			isa = PBXGroup;
			children = (
				113A7BD3274EC80D00B5FC7B /* Project19-JavaScript */,
				113A7BF0274EC95A00B5FC7B /* Extension */,
				113A7BED274EC95A00B5FC7B /* Frameworks */,
				113A7BD2274EC80D00B5FC7B /* Products */,
			);
			sourceTree = "<group>";
		};
		113A7BD2274EC80D00B5FC7B /* Products */ = {
			isa = PBXGroup;
			children = (
				113A7BD1274EC80D00B5FC7B /* Project19-JavaScript.app */,
				113A7BEC274EC95A00B5FC7B /* Extension.appex */,
			);
			name = Products;
			sourceTree = "<group>";
		};
		113A7BD3274EC80D00B5FC7B /* Project19-JavaScript */ = {
			isa = PBXGroup;
			children = (
				113A7BD4274EC80D00B5FC7B /* AppDelegate.swift */,
				113A7BD6274EC80D00B5FC7B /* SceneDelegate.swift */,
				113A7BD8274EC80D00B5FC7B /* ViewController.swift */,
				113A7BDA274EC80D00B5FC7B /* Main.storyboard */,
				113A7BDD274EC81600B5FC7B /* Assets.xcassets */,
				113A7BDF274EC81600B5FC7B /* LaunchScreen.storyboard */,
				113A7BE2274EC81600B5FC7B /* Info.plist */,
			);
			path = "Project19-JavaScript";
			sourceTree = "<group>";
		};
		113A7BED274EC95A00B5FC7B /* Frameworks */ = {
			isa = PBXGroup;
			children = (
				113A7BEE274EC95A00B5FC7B /* UniformTypeIdentifiers.framework */,
			);
			name = Frameworks;
			sourceTree = "<group>";
		};
		113A7BF0274EC95A00B5FC7B /* Extension */ = {
			isa = PBXGroup;
			children = (
				113A7BF1274EC95A00B5FC7B /* Media.xcassets */,
				113A7BF3274EC95A00B5FC7B /* ActionViewController.swift */,
				113A7BF5274EC95A00B5FC7B /* MainInterface.storyboard */,
				113A7BF8274EC95A00B5FC7B /* Info.plist */,
				113A7C00274ECC5000B5FC7B /* Action.js */,
			);
			path = Extension;
			sourceTree = "<group>";
		};
/* End PBXGroup section */

/* Begin PBXNativeTarget section */
		113A7BD0274EC80D00B5FC7B /* Project19-JavaScript */ = {
			isa = PBXNativeTarget;
			buildConfigurationList = 113A7BE5274EC81600B5FC7B /* Build configuration list for PBXNativeTarget "Project19-JavaScript" */;
			buildPhases = (
				113A7BCD274EC80D00B5FC7B /* Sources */,
				113A7BCE274EC80D00B5FC7B /* Frameworks */,
				113A7BCF274EC80D00B5FC7B /* Resources */,
				113A7BFF274EC95A00B5FC7B /* Embed App Extensions */,
			);
			buildRules = (
			);
			dependencies = (
				113A7BFA274EC95A00B5FC7B /* PBXTargetDependency */,
			);
			name = "Project19-JavaScript";
			productName = "Project19-JavaScript";
			productReference = 113A7BD1274EC80D00B5FC7B /* Project19-JavaScript.app */;
			productType = "com.apple.product-type.application";
		};
		113A7BEB274EC95A00B5FC7B /* Extension */ = {
			isa = PBXNativeTarget;
			buildConfigurationList = 113A7BFC274EC95A00B5FC7B /* Build configuration list for PBXNativeTarget "Extension" */;
			buildPhases = (
				113A7BE8274EC95A00B5FC7B /* Sources */,
				113A7BE9274EC95A00B5FC7B /* Frameworks */,
				113A7BEA274EC95A00B5FC7B /* Resources */,
			);
			buildRules = (
			);
			dependencies = (
			);
			name = Extension;
			productName = Extension;
			productReference = 113A7BEC274EC95A00B5FC7B /* Extension.appex */;
			productType = "com.apple.product-type.app-extension";
		};
/* End PBXNativeTarget section */

/* Begin PBXProject section */
		113A7BC9274EC80D00B5FC7B /* Project object */ = {
			isa = PBXProject;
			attributes = {
				BuildIndependentTargetsInParallel = 1;
				LastSwiftUpdateCheck = 1300;
				LastUpgradeCheck = 1300;
				TargetAttributes = {
					113A7BD0274EC80D00B5FC7B = {
						CreatedOnToolsVersion = 13.0;
					};
					113A7BEB274EC95A00B5FC7B = {
						CreatedOnToolsVersion = 13.0;
					};
				};
			};
			buildConfigurationList = 113A7BCC274EC80D00B5FC7B /* Build configuration list for PBXProject "Project19-JavaScript" */;
			compatibilityVersion = "Xcode 13.0";
			developmentRegion = en;
			hasScannedForEncodings = 0;
			knownRegions = (
				en,
				Base,
			);
			mainGroup = 113A7BC8274EC80D00B5FC7B;
			productRefGroup = 113A7BD2274EC80D00B5FC7B /* Products */;
			projectDirPath = "";
			projectRoot = "";
			targets = (
				113A7BD0274EC80D00B5FC7B /* Project19-JavaScript */,
				113A7BEB274EC95A00B5FC7B /* Extension */,
			);
		};
/* End PBXProject section */

/* Begin PBXResourcesBuildPhase section */
		113A7BCF274EC80D00B5FC7B /* Resources */ = {
			isa = PBXResourcesBuildPhase;
			buildActionMask = 2147483647;
			files = (
				113A7BE1274EC81600B5FC7B /* LaunchScreen.storyboard in Resources */,
				113A7BDE274EC81600B5FC7B /* Assets.xcassets in Resources */,
				113A7BDC274EC80D00B5FC7B /* Main.storyboard in Resources */,
			);
			runOnlyForDeploymentPostprocessing = 0;
		};
		113A7BEA274EC95A00B5FC7B /* Resources */ = {
			isa = PBXResourcesBuildPhase;
			buildActionMask = 2147483647;
			files = (
				113A7C01274ECC5000B5FC7B /* Action.js in Resources */,
				113A7BF2274EC95A00B5FC7B /* Media.xcassets in Resources */,
				113A7BF7274EC95A00B5FC7B /* MainInterface.storyboard in Resources */,
			);
			runOnlyForDeploymentPostprocessing = 0;
		};
/* End PBXResourcesBuildPhase section */

/* Begin PBXSourcesBuildPhase section */
		113A7BCD274EC80D00B5FC7B /* Sources */ = {
			isa = PBXSourcesBuildPhase;
			buildActionMask = 2147483647;
			files = (
				113A7BD9274EC80D00B5FC7B /* ViewController.swift in Sources */,
				113A7BD5274EC80D00B5FC7B /* AppDelegate.swift in Sources */,
				113A7BD7274EC80D00B5FC7B /* SceneDelegate.swift in Sources */,
			);
			runOnlyForDeploymentPostprocessing = 0;
		};
		113A7BE8274EC95A00B5FC7B /* Sources */ = {
			isa = PBXSourcesBuildPhase;
			buildActionMask = 2147483647;
			files = (
				113A7BF4274EC95A00B5FC7B /* ActionViewController.swift in Sources */,
			);
			runOnlyForDeploymentPostprocessing = 0;
		};
/* End PBXSourcesBuildPhase section */

/* Begin PBXTargetDependency section */
		113A7BFA274EC95A00B5FC7B /* PBXTargetDependency */ = {
			isa = PBXTargetDependency;
			target = 113A7BEB274EC95A00B5FC7B /* Extension */;
			targetProxy = 113A7BF9274EC95A00B5FC7B /* PBXContainerItemProxy */;
		};
/* End PBXTargetDependency section */

/* Begin PBXVariantGroup section */
		113A7BDA274EC80D00B5FC7B /* Main.storyboard */ = {
			isa = PBXVariantGroup;
			children = (
				113A7BDB274EC80D00B5FC7B /* Base */,
			);
			name = Main.storyboard;
			sourceTree = "<group>";
		};
		113A7BDF274EC81600B5FC7B /* LaunchScreen.storyboard */ = {
			isa = PBXVariantGroup;
			children = (
				113A7BE0274EC81600B5FC7B /* Base */,
			);
			name = LaunchScreen.storyboard;
			sourceTree = "<group>";
		};
		113A7BF5274EC95A00B5FC7B /* MainInterface.storyboard */ = {
			isa = PBXVariantGroup;
			children = (
				113A7BF6274EC95A00B5FC7B /* Base */,
			);
			name = MainInterface.storyboard;
			sourceTree = "<group>";
		};
/* End PBXVariantGroup section */

/* Begin XCBuildConfiguration section */
		113A7BE3274EC81600B5FC7B /* Debug */ = {
			isa = XCBuildConfiguration;
			buildSettings = {
				ALWAYS_SEARCH_USER_PATHS = NO;
				CLANG_ANALYZER_NONNULL = YES;
				CLANG_ANALYZER_NUMBER_OBJECT_CONVERSION = YES_AGGRESSIVE;
				CLANG_CXX_LANGUAGE_STANDARD = "gnu++17";
				CLANG_CXX_LIBRARY = "libc++";
				CLANG_ENABLE_MODULES = YES;
				CLANG_ENABLE_OBJC_ARC = YES;
				CLANG_ENABLE_OBJC_WEAK = YES;
				CLANG_WARN_BLOCK_CAPTURE_AUTORELEASING = YES;
				CLANG_WARN_BOOL_CONVERSION = YES;
				CLANG_WARN_COMMA = YES;
				CLANG_WARN_CONSTANT_CONVERSION = YES;
				CLANG_WARN_DEPRECATED_OBJC_IMPLEMENTATIONS = YES;
				CLANG_WARN_DIRECT_OBJC_ISA_USAGE = YES_ERROR;
				CLANG_WARN_DOCUMENTATION_COMMENTS = YES;
				CLANG_WARN_EMPTY_BODY = YES;
				CLANG_WARN_ENUM_CONVERSION = YES;
				CLANG_WARN_INFINITE_RECURSION = YES;
				CLANG_WARN_INT_CONVERSION = YES;
				CLANG_WARN_NON_LITERAL_NULL_CONVERSION = YES;
				CLANG_WARN_OBJC_IMPLICIT_RETAIN_SELF = YES;
				CLANG_WARN_OBJC_LITERAL_CONVERSION = YES;
				CLANG_WARN_OBJC_ROOT_CLASS = YES_ERROR;
				CLANG_WARN_QUOTED_INCLUDE_IN_FRAMEWORK_HEADER = YES;
				CLANG_WARN_RANGE_LOOP_ANALYSIS = YES;
				CLANG_WARN_STRICT_PROTOTYPES = YES;
				CLANG_WARN_SUSPICIOUS_MOVE = YES;
				CLANG_WARN_UNGUARDED_AVAILABILITY = YES_AGGRESSIVE;
				CLANG_WARN_UNREACHABLE_CODE = YES;
				CLANG_WARN__DUPLICATE_METHOD_MATCH = YES;
				COPY_PHASE_STRIP = NO;
				DEBUG_INFORMATION_FORMAT = dwarf;
				ENABLE_STRICT_OBJC_MSGSEND = YES;
				ENABLE_TESTABILITY = YES;
				GCC_C_LANGUAGE_STANDARD = gnu11;
				GCC_DYNAMIC_NO_PIC = NO;
				GCC_NO_COMMON_BLOCKS = YES;
				GCC_OPTIMIZATION_LEVEL = 0;
				GCC_PREPROCESSOR_DEFINITIONS = (
					"DEBUG=1",
					"$(inherited)",
				);
				GCC_WARN_64_TO_32_BIT_CONVERSION = YES;
				GCC_WARN_ABOUT_RETURN_TYPE = YES_ERROR;
				GCC_WARN_UNDECLARED_SELECTOR = YES;
				GCC_WARN_UNINITIALIZED_AUTOS = YES_AGGRESSIVE;
				GCC_WARN_UNUSED_FUNCTION = YES;
				GCC_WARN_UNUSED_VARIABLE = YES;
				IPHONEOS_DEPLOYMENT_TARGET = 15.0;
				MTL_ENABLE_DEBUG_INFO = INCLUDE_SOURCE;
				MTL_FAST_MATH = YES;
				ONLY_ACTIVE_ARCH = YES;
				SDKROOT = iphoneos;
				SWIFT_ACTIVE_COMPILATION_CONDITIONS = DEBUG;
				SWIFT_OPTIMIZATION_LEVEL = "-Onone";
			};
			name = Debug;
		};
		113A7BE4274EC81600B5FC7B /* Release */ = {
			isa = XCBuildConfiguration;
			buildSettings = {
				ALWAYS_SEARCH_USER_PATHS = NO;
				CLANG_ANALYZER_NONNULL = YES;
				CLANG_ANALYZER_NUMBER_OBJECT_CONVERSION = YES_AGGRESSIVE;
				CLANG_CXX_LANGUAGE_STANDARD = "gnu++17";
				CLANG_CXX_LIBRARY = "libc++";
				CLANG_ENABLE_MODULES = YES;
				CLANG_ENABLE_OBJC_ARC = YES;
				CLANG_ENABLE_OBJC_WEAK = YES;
				CLANG_WARN_BLOCK_CAPTURE_AUTORELEASING = YES;
				CLANG_WARN_BOOL_CONVERSION = YES;
				CLANG_WARN_COMMA = YES;
				CLANG_WARN_CONSTANT_CONVERSION = YES;
				CLANG_WARN_DEPRECATED_OBJC_IMPLEMENTATIONS = YES;
				CLANG_WARN_DIRECT_OBJC_ISA_USAGE = YES_ERROR;
				CLANG_WARN_DOCUMENTATION_COMMENTS = YES;
				CLANG_WARN_EMPTY_BODY = YES;
				CLANG_WARN_ENUM_CONVERSION = YES;
				CLANG_WARN_INFINITE_RECURSION = YES;
				CLANG_WARN_INT_CONVERSION = YES;
				CLANG_WARN_NON_LITERAL_NULL_CONVERSION = YES;
				CLANG_WARN_OBJC_IMPLICIT_RETAIN_SELF = YES;
				CLANG_WARN_OBJC_LITERAL_CONVERSION = YES;
				CLANG_WARN_OBJC_ROOT_CLASS = YES_ERROR;
				CLANG_WARN_QUOTED_INCLUDE_IN_FRAMEWORK_HEADER = YES;
				CLANG_WARN_RANGE_LOOP_ANALYSIS = YES;
				CLANG_WARN_STRICT_PROTOTYPES = YES;
				CLANG_WARN_SUSPICIOUS_MOVE = YES;
				CLANG_WARN_UNGUARDED_AVAILABILITY = YES_AGGRESSIVE;
				CLANG_WARN_UNREACHABLE_CODE = YES;
				CLANG_WARN__DUPLICATE_METHOD_MATCH = YES;
				COPY_PHASE_STRIP = NO;
				DEBUG_INFORMATION_FORMAT = "dwarf-with-dsym";
				ENABLE_NS_ASSERTIONS = NO;
				ENABLE_STRICT_OBJC_MSGSEND = YES;
				GCC_C_LANGUAGE_STANDARD = gnu11;
				GCC_NO_COMMON_BLOCKS = YES;
				GCC_WARN_64_TO_32_BIT_CONVERSION = YES;
				GCC_WARN_ABOUT_RETURN_TYPE = YES_ERROR;
				GCC_WARN_UNDECLARED_SELECTOR = YES;
				GCC_WARN_UNINITIALIZED_AUTOS = YES_AGGRESSIVE;
				GCC_WARN_UNUSED_FUNCTION = YES;
				GCC_WARN_UNUSED_VARIABLE = YES;
				IPHONEOS_DEPLOYMENT_TARGET = 15.0;
				MTL_ENABLE_DEBUG_INFO = NO;
				MTL_FAST_MATH = YES;
				SDKROOT = iphoneos;
				SWIFT_COMPILATION_MODE = wholemodule;
				SWIFT_OPTIMIZATION_LEVEL = "-O";
				VALIDATE_PRODUCT = YES;
			};
			name = Release;
		};
		113A7BE6274EC81600B5FC7B /* Debug */ = {
			isa = XCBuildConfiguration;
			buildSettings = {
				ALWAYS_EMBED_SWIFT_STANDARD_LIBRARIES = YES;
				ASSETCATALOG_COMPILER_APPICON_NAME = AppIcon;
				ASSETCATALOG_COMPILER_GLOBAL_ACCENT_COLOR_NAME = AccentColor;
				CODE_SIGN_STYLE = Automatic;
				CURRENT_PROJECT_VERSION = 1;
				DEVELOPMENT_TEAM = HB7JCNH58R;
				GENERATE_INFOPLIST_FILE = YES;
				INFOPLIST_FILE = "Project19-JavaScript/Info.plist";
				INFOPLIST_KEY_UIApplicationSupportsIndirectInputEvents = YES;
				INFOPLIST_KEY_UILaunchStoryboardName = LaunchScreen;
				INFOPLIST_KEY_UIMainStoryboardFile = Main;
				INFOPLIST_KEY_UISupportedInterfaceOrientations_iPad = "UIInterfaceOrientationPortrait UIInterfaceOrientationPortraitUpsideDown UIInterfaceOrientationLandscapeLeft UIInterfaceOrientationLandscapeRight";
				INFOPLIST_KEY_UISupportedInterfaceOrientations_iPhone = "UIInterfaceOrientationPortrait UIInterfaceOrientationLandscapeLeft UIInterfaceOrientationLandscapeRight";
				IPHONEOS_DEPLOYMENT_TARGET = 14.0;
				LD_RUNPATH_SEARCH_PATHS = (
					"$(inherited)",
					"@executable_path/Frameworks",
				);
				MARKETING_VERSION = 1.0;
				PRODUCT_BUNDLE_IDENTIFIER = "inceogluberkin.Project19-JavaScript";
				PRODUCT_NAME = "$(TARGET_NAME)";
				SWIFT_EMIT_LOC_STRINGS = YES;
				SWIFT_VERSION = 5.0;
				TARGETED_DEVICE_FAMILY = "1,2";
			};
			name = Debug;
		};
		113A7BE7274EC81600B5FC7B /* Release */ = {
			isa = XCBuildConfiguration;
			buildSettings = {
				ALWAYS_EMBED_SWIFT_STANDARD_LIBRARIES = YES;
				ASSETCATALOG_COMPILER_APPICON_NAME = AppIcon;
				ASSETCATALOG_COMPILER_GLOBAL_ACCENT_COLOR_NAME = AccentColor;
				CODE_SIGN_STYLE = Automatic;
				CURRENT_PROJECT_VERSION = 1;
				DEVELOPMENT_TEAM = HB7JCNH58R;
				GENERATE_INFOPLIST_FILE = YES;
				INFOPLIST_FILE = "Project19-JavaScript/Info.plist";
				INFOPLIST_KEY_UIApplicationSupportsIndirectInputEvents = YES;
				INFOPLIST_KEY_UILaunchStoryboardName = LaunchScreen;
				INFOPLIST_KEY_UIMainStoryboardFile = Main;
				INFOPLIST_KEY_UISupportedInterfaceOrientations_iPad = "UIInterfaceOrientationPortrait UIInterfaceOrientationPortraitUpsideDown UIInterfaceOrientationLandscapeLeft UIInterfaceOrientationLandscapeRight";
				INFOPLIST_KEY_UISupportedInterfaceOrientations_iPhone = "UIInterfaceOrientationPortrait UIInterfaceOrientationLandscapeLeft UIInterfaceOrientationLandscapeRight";
				IPHONEOS_DEPLOYMENT_TARGET = 14.0;
				LD_RUNPATH_SEARCH_PATHS = (
					"$(inherited)",
					"@executable_path/Frameworks",
				);
				MARKETING_VERSION = 1.0;
				PRODUCT_BUNDLE_IDENTIFIER = "inceogluberkin.Project19-JavaScript";
				PRODUCT_NAME = "$(TARGET_NAME)";
				SWIFT_EMIT_LOC_STRINGS = YES;
				SWIFT_VERSION = 5.0;
				TARGETED_DEVICE_FAMILY = "1,2";
			};
			name = Release;
		};
		113A7BFD274EC95A00B5FC7B /* Debug */ = {
			isa = XCBuildConfiguration;
			buildSettings = {
				CODE_SIGN_STYLE = Automatic;
				CURRENT_PROJECT_VERSION = 1;
				DEVELOPMENT_TEAM = HB7JCNH58R;
				GENERATE_INFOPLIST_FILE = YES;
				INFOPLIST_FILE = Extension/Info.plist;
				INFOPLIST_KEY_CFBundleDisplayName = Extension;
				INFOPLIST_KEY_NSHumanReadableCopyright = "";
				LD_RUNPATH_SEARCH_PATHS = (
					"$(inherited)",
					"@executable_path/Frameworks",
					"@executable_path/../../Frameworks",
				);
				MARKETING_VERSION = 1.0;
				PRODUCT_BUNDLE_IDENTIFIER = "inceogluberkin.Project19-JavaScript.Extension";
				PRODUCT_NAME = "$(TARGET_NAME)";
				SKIP_INSTALL = YES;
				SWIFT_EMIT_LOC_STRINGS = YES;
				SWIFT_VERSION = 5.0;
				TARGETED_DEVICE_FAMILY = "1,2";
			};
			name = Debug;
		};
		113A7BFE274EC95A00B5FC7B /* Release */ = {
			isa = XCBuildConfiguration;
			buildSettings = {
				CODE_SIGN_STYLE = Automatic;
				CURRENT_PROJECT_VERSION = 1;
				DEVELOPMENT_TEAM = HB7JCNH58R;
				GENERATE_INFOPLIST_FILE = YES;
				INFOPLIST_FILE = Extension/Info.plist;
				INFOPLIST_KEY_CFBundleDisplayName = Extension;
				INFOPLIST_KEY_NSHumanReadableCopyright = "";
				LD_RUNPATH_SEARCH_PATHS = (
					"$(inherited)",
					"@executable_path/Frameworks",
					"@executable_path/../../Frameworks",
				);
				MARKETING_VERSION = 1.0;
				PRODUCT_BUNDLE_IDENTIFIER = "inceogluberkin.Project19-JavaScript.Extension";
				PRODUCT_NAME = "$(TARGET_NAME)";
				SKIP_INSTALL = YES;
				SWIFT_EMIT_LOC_STRINGS = YES;
				SWIFT_VERSION = 5.0;
				TARGETED_DEVICE_FAMILY = "1,2";
			};
			name = Release;
		};
/* End XCBuildConfiguration section */

/* Begin XCConfigurationList section */
		113A7BCC274EC80D00B5FC7B /* Build configuration list for PBXProject "Project19-JavaScript" */ = {
			isa = XCConfigurationList;
			buildConfigurations = (
				113A7BE3274EC81600B5FC7B /* Debug */,
				113A7BE4274EC81600B5FC7B /* Release */,
			);
			defaultConfigurationIsVisible = 0;
			defaultConfigurationName = Release;
		};
		113A7BE5274EC81600B5FC7B /* Build configuration list for PBXNativeTarget "Project19-JavaScript" */ = {
			isa = XCConfigurationList;
			buildConfigurations = (
				113A7BE6274EC81600B5FC7B /* Debug */,
				113A7BE7274EC81600B5FC7B /* Release */,
			);
			defaultConfigurationIsVisible = 0;
			defaultConfigurationName = Release;
		};
		113A7BFC274EC95A00B5FC7B /* Build configuration list for PBXNativeTarget "Extension" */ = {
			isa = XCConfigurationList;
			buildConfigurations = (
				113A7BFD274EC95A00B5FC7B /* Debug */,
				113A7BFE274EC95A00B5FC7B /* Release */,
			);
			defaultConfigurationIsVisible = 0;
			defaultConfigurationName = Release;
		};
/* End XCConfigurationList section */
	};
	rootObject = 113A7BC9274EC80D00B5FC7B /* Project object */;
}
